
Microsoft Visual Studio Solution File, Format Version 12.00
# Visual Studio 2012
Project("{FAE04EC0-301F-11D3-BF4B-00C04F79EFBC}") = "Database", "Database.csproj", "{DCDE14F5-8FF6-434F-871D-70ECF3EF5BE8}"
EndProject
Project("{2150E333-8FDC-42A3-9474-1A3956D46DE8}") = "DAL", "DAL", "{30D33F2B-BA41-4396-A82E-3407FBE1BB42}"
EndProject
Project("{2150E333-8FDC-42A3-9474-1A3956D46DE8}") = "Model", "Model", "{08486C30-2B57-477F-99EF-7D39A373F4C9}"
EndProject
Project("{2150E333-8FDC-42A3-9474-1A3956D46DE8}") = "Testing", "Testing", "{34836B0C-99DE-45E8-8217-41DDD28DC359}"
EndProject
Project("{FAE04EC0-301F-11D3-BF4B-00C04F79EFBC}") = "JBOBTests", "..\JBOBTests\JBOBTests.csproj", "{4842EA80-366E-4480-9D68-519BCD48A6CA}"
EndProject
Global
	GlobalSection(SolutionConfigurationPlatforms) = preSolution
		Debug|Any CPU = Debug|Any CPU
		Release|Any CPU = Release|Any CPU
	EndGlobalSection
	GlobalSection(ProjectConfigurationPlatforms) = postSolution
		{DCDE14F5-8FF6-434F-871D-70ECF3EF5BE8}.Debug|Any CPU.ActiveCfg = Debug|Any CPU
		{DCDE14F5-8FF6-434F-871D-70ECF3EF5BE8}.Debug|Any CPU.Build.0 = Debug|Any CPU
		{DCDE14F5-8FF6-434F-871D-70ECF3EF5BE8}.Release|Any CPU.ActiveCfg = Release|Any CPU
		{DCDE14F5-8FF6-434F-871D-70ECF3EF5BE8}.Release|Any CPU.Build.0 = Release|Any CPU
		{4842EA80-366E-4480-9D68-519BCD48A6CA}.Debug|Any CPU.ActiveCfg = Debug|Any CPU
		{4842EA80-366E-4480-9D68-519BCD48A6CA}.Debug|Any CPU.Build.0 = Debug|Any CPU
		{4842EA80-366E-4480-9D68-519BCD48A6CA}.Release|Any CPU.ActiveCfg = Release|Any CPU
		{4842EA80-366E-4480-9D68-519BCD48A6CA}.Release|Any CPU.Build.0 = Release|Any CPU
	EndGlobalSection
	GlobalSection(SolutionProperties) = preSolution
		HideSolutionNode = FALSE
	EndGlobalSection
	GlobalSection(NestedProjects) = preSolution
		{DCDE14F5-8FF6-434F-871D-70ECF3EF5BE8} = {30D33F2B-BA41-4396-A82E-3407FBE1BB42}
		{4842EA80-366E-4480-9D68-519BCD48A6CA} = {34836B0C-99DE-45E8-8217-41DDD28DC359}
	EndGlobalSection
EndGlobal
