
Microsoft Visual Studio Solution File, Format Version 12.00
# Visual Studio 2012
Project("{2150E333-8FDC-42A3-9474-1A3956D46DE8}") = "Testing", "Testing", "{9F4A17A8-9E82-4457-9AC4-99D59E1CED89}"
EndProject
Project("{FAE04EC0-301F-11D3-BF4B-00C04F79EFBC}") = "JBOBTests", "JBOBTests\JBOBTests.csproj", "{4842EA80-366E-4480-9D68-519BCD48A6CA}"
EndProject
Project("{2150E333-8FDC-42A3-9474-1A3956D46DE8}") = "Model", "Model", "{55B0EAB4-8CCD-4DAE-AD15-75F6CE510D02}"
EndProject
Project("{2150E333-8FDC-42A3-9474-1A3956D46DE8}") = "Presentation", "Presentation", "{6F699F7D-1068-46B0-9B68-B9046B5B31D3}"
EndProject
Project("{FAE04EC0-301F-11D3-BF4B-00C04F79EFBC}") = "Database", "Model\DAL\Database.csproj", "{DCDE14F5-8FF6-434F-871D-70ECF3EF5BE8}"
EndProject
Project("{FAE04EC0-301F-11D3-BF4B-00C04F79EFBC}") = "TestData", "TestData\TestData.csproj", "{61A7A4B2-B3B6-4905-9C05-BA0EF9C2B88E}"
EndProject
Project("{FAE04EC0-301F-11D3-BF4B-00C04F79EFBC}") = "Web", "Presentation\MVC\Web.csproj", "{A70A04CA-6A34-4E8D-85B1-EB7FB5F4450F}"
EndProject
Project("{FAE04EC0-301F-11D3-BF4B-00C04F79EFBC}") = "WebContracts", "WebContracts\WebContracts.csproj", "{99A85C3C-BC03-4B68-B0A6-52F9E42C2296}"
EndProject
Project("{FAE04EC0-301F-11D3-BF4B-00C04F79EFBC}") = "Phone", "Presentation\WP8\Phone.csproj", "{E23B908E-D146-4D71-BAF1-76D5741B6E20}"
EndProject
Global
	GlobalSection(SolutionConfigurationPlatforms) = preSolution
		Debug|Any CPU = Debug|Any CPU
		Debug|ARM = Debug|ARM
		Debug|x86 = Debug|x86
		Release|Any CPU = Release|Any CPU
		Release|ARM = Release|ARM
		Release|x86 = Release|x86
	EndGlobalSection
	GlobalSection(ProjectConfigurationPlatforms) = postSolution
		{4842EA80-366E-4480-9D68-519BCD48A6CA}.Debug|Any CPU.ActiveCfg = Debug|Any CPU
		{4842EA80-366E-4480-9D68-519BCD48A6CA}.Debug|Any CPU.Build.0 = Debug|Any CPU
		{4842EA80-366E-4480-9D68-519BCD48A6CA}.Debug|ARM.ActiveCfg = Debug|Any CPU
		{4842EA80-366E-4480-9D68-519BCD48A6CA}.Debug|x86.ActiveCfg = Debug|Any CPU
		{4842EA80-366E-4480-9D68-519BCD48A6CA}.Release|Any CPU.ActiveCfg = Release|Any CPU
		{4842EA80-366E-4480-9D68-519BCD48A6CA}.Release|Any CPU.Build.0 = Release|Any CPU
		{4842EA80-366E-4480-9D68-519BCD48A6CA}.Release|ARM.ActiveCfg = Release|Any CPU
		{4842EA80-366E-4480-9D68-519BCD48A6CA}.Release|x86.ActiveCfg = Release|Any CPU
		{DCDE14F5-8FF6-434F-871D-70ECF3EF5BE8}.Debug|Any CPU.ActiveCfg = Debug|Any CPU
		{DCDE14F5-8FF6-434F-871D-70ECF3EF5BE8}.Debug|Any CPU.Build.0 = Debug|Any CPU
		{DCDE14F5-8FF6-434F-871D-70ECF3EF5BE8}.Debug|ARM.ActiveCfg = Debug|Any CPU
		{DCDE14F5-8FF6-434F-871D-70ECF3EF5BE8}.Debug|x86.ActiveCfg = Debug|Any CPU
		{DCDE14F5-8FF6-434F-871D-70ECF3EF5BE8}.Release|Any CPU.ActiveCfg = Release|Any CPU
		{DCDE14F5-8FF6-434F-871D-70ECF3EF5BE8}.Release|Any CPU.Build.0 = Release|Any CPU
		{DCDE14F5-8FF6-434F-871D-70ECF3EF5BE8}.Release|ARM.ActiveCfg = Release|Any CPU
		{DCDE14F5-8FF6-434F-871D-70ECF3EF5BE8}.Release|x86.ActiveCfg = Release|Any CPU
		{61A7A4B2-B3B6-4905-9C05-BA0EF9C2B88E}.Debug|Any CPU.ActiveCfg = Debug|Any CPU
		{61A7A4B2-B3B6-4905-9C05-BA0EF9C2B88E}.Debug|Any CPU.Build.0 = Debug|Any CPU
		{61A7A4B2-B3B6-4905-9C05-BA0EF9C2B88E}.Debug|ARM.ActiveCfg = Debug|Any CPU
		{61A7A4B2-B3B6-4905-9C05-BA0EF9C2B88E}.Debug|x86.ActiveCfg = Debug|Any CPU
		{61A7A4B2-B3B6-4905-9C05-BA0EF9C2B88E}.Release|Any CPU.ActiveCfg = Release|Any CPU
		{61A7A4B2-B3B6-4905-9C05-BA0EF9C2B88E}.Release|Any CPU.Build.0 = Release|Any CPU
		{61A7A4B2-B3B6-4905-9C05-BA0EF9C2B88E}.Release|ARM.ActiveCfg = Release|Any CPU
		{61A7A4B2-B3B6-4905-9C05-BA0EF9C2B88E}.Release|x86.ActiveCfg = Release|Any CPU
		{A70A04CA-6A34-4E8D-85B1-EB7FB5F4450F}.Debug|Any CPU.ActiveCfg = Debug|Any CPU
		{A70A04CA-6A34-4E8D-85B1-EB7FB5F4450F}.Debug|Any CPU.Build.0 = Debug|Any CPU
		{A70A04CA-6A34-4E8D-85B1-EB7FB5F4450F}.Debug|ARM.ActiveCfg = Debug|Any CPU
		{A70A04CA-6A34-4E8D-85B1-EB7FB5F4450F}.Debug|x86.ActiveCfg = Debug|Any CPU
		{A70A04CA-6A34-4E8D-85B1-EB7FB5F4450F}.Release|Any CPU.ActiveCfg = Release|Any CPU
		{A70A04CA-6A34-4E8D-85B1-EB7FB5F4450F}.Release|Any CPU.Build.0 = Release|Any CPU
		{A70A04CA-6A34-4E8D-85B1-EB7FB5F4450F}.Release|ARM.ActiveCfg = Release|Any CPU
		{A70A04CA-6A34-4E8D-85B1-EB7FB5F4450F}.Release|x86.ActiveCfg = Release|Any CPU
		{99A85C3C-BC03-4B68-B0A6-52F9E42C2296}.Debug|Any CPU.ActiveCfg = Debug|Any CPU
		{99A85C3C-BC03-4B68-B0A6-52F9E42C2296}.Debug|Any CPU.Build.0 = Debug|Any CPU
		{99A85C3C-BC03-4B68-B0A6-52F9E42C2296}.Debug|ARM.ActiveCfg = Debug|Any CPU
		{99A85C3C-BC03-4B68-B0A6-52F9E42C2296}.Debug|x86.ActiveCfg = Debug|Any CPU
		{99A85C3C-BC03-4B68-B0A6-52F9E42C2296}.Release|Any CPU.ActiveCfg = Release|Any CPU
		{99A85C3C-BC03-4B68-B0A6-52F9E42C2296}.Release|Any CPU.Build.0 = Release|Any CPU
		{99A85C3C-BC03-4B68-B0A6-52F9E42C2296}.Release|ARM.ActiveCfg = Release|Any CPU
		{99A85C3C-BC03-4B68-B0A6-52F9E42C2296}.Release|x86.ActiveCfg = Release|Any CPU
		{E23B908E-D146-4D71-BAF1-76D5741B6E20}.Debug|Any CPU.ActiveCfg = Debug|Any CPU
		{E23B908E-D146-4D71-BAF1-76D5741B6E20}.Debug|Any CPU.Build.0 = Debug|Any CPU
		{E23B908E-D146-4D71-BAF1-76D5741B6E20}.Debug|Any CPU.Deploy.0 = Debug|Any CPU
		{E23B908E-D146-4D71-BAF1-76D5741B6E20}.Debug|ARM.ActiveCfg = Debug|ARM
		{E23B908E-D146-4D71-BAF1-76D5741B6E20}.Debug|ARM.Build.0 = Debug|ARM
		{E23B908E-D146-4D71-BAF1-76D5741B6E20}.Debug|ARM.Deploy.0 = Debug|ARM
		{E23B908E-D146-4D71-BAF1-76D5741B6E20}.Debug|x86.ActiveCfg = Debug|x86
		{E23B908E-D146-4D71-BAF1-76D5741B6E20}.Debug|x86.Build.0 = Debug|x86
		{E23B908E-D146-4D71-BAF1-76D5741B6E20}.Debug|x86.Deploy.0 = Debug|x86
		{E23B908E-D146-4D71-BAF1-76D5741B6E20}.Release|Any CPU.ActiveCfg = Release|Any CPU
		{E23B908E-D146-4D71-BAF1-76D5741B6E20}.Release|Any CPU.Build.0 = Release|Any CPU
		{E23B908E-D146-4D71-BAF1-76D5741B6E20}.Release|Any CPU.Deploy.0 = Release|Any CPU
		{E23B908E-D146-4D71-BAF1-76D5741B6E20}.Release|ARM.ActiveCfg = Release|ARM
		{E23B908E-D146-4D71-BAF1-76D5741B6E20}.Release|ARM.Build.0 = Release|ARM
		{E23B908E-D146-4D71-BAF1-76D5741B6E20}.Release|ARM.Deploy.0 = Release|ARM
		{E23B908E-D146-4D71-BAF1-76D5741B6E20}.Release|x86.ActiveCfg = Release|x86
		{E23B908E-D146-4D71-BAF1-76D5741B6E20}.Release|x86.Build.0 = Release|x86
		{E23B908E-D146-4D71-BAF1-76D5741B6E20}.Release|x86.Deploy.0 = Release|x86
	EndGlobalSection
	GlobalSection(SolutionProperties) = preSolution
		HideSolutionNode = FALSE
	EndGlobalSection
	GlobalSection(NestedProjects) = preSolution
		{4842EA80-366E-4480-9D68-519BCD48A6CA} = {9F4A17A8-9E82-4457-9AC4-99D59E1CED89}
		{61A7A4B2-B3B6-4905-9C05-BA0EF9C2B88E} = {9F4A17A8-9E82-4457-9AC4-99D59E1CED89}
		{DCDE14F5-8FF6-434F-871D-70ECF3EF5BE8} = {55B0EAB4-8CCD-4DAE-AD15-75F6CE510D02}
		{99A85C3C-BC03-4B68-B0A6-52F9E42C2296} = {55B0EAB4-8CCD-4DAE-AD15-75F6CE510D02}
		{A70A04CA-6A34-4E8D-85B1-EB7FB5F4450F} = {6F699F7D-1068-46B0-9B68-B9046B5B31D3}
		{E23B908E-D146-4D71-BAF1-76D5741B6E20} = {6F699F7D-1068-46B0-9B68-B9046B5B31D3}
	EndGlobalSection
EndGlobal
